
Microsoft Visual Studio Solution File, Format Version 12.00
# Visual Studio Version 16
VisualStudioVersion = 16.0.29326.143
MinimumVisualStudioVersion = 10.0.40219.1
Project("{9A19103F-16F7-4668-BE54-9A1E7A4F7556}") = "Parrot.Tests", "Parrot.Tests\Parrot.Tests.csproj", "{FC9C4B6B-C183-48D8-BF21-149CBE874013}"
EndProject
Project("{FAE04EC0-301F-11D3-BF4B-00C04F79EFBC}") = "Parrot", "Parrot\Parrot.csproj", "{6F530397-2988-4435-A61B-967BE19AFD1C}"
EndProject
Global
	GlobalSection(SolutionConfigurationPlatforms) = preSolution
		Debug|Any CPU = Debug|Any CPU
		Release|Any CPU = Release|Any CPU
	EndGlobalSection
	GlobalSection(ProjectConfigurationPlatforms) = postSolution
		{FC9C4B6B-C183-48D8-BF21-149CBE874013}.Debug|Any CPU.ActiveCfg = Debug|Any CPU
		{FC9C4B6B-C183-48D8-BF21-149CBE874013}.Debug|Any CPU.Build.0 = Debug|Any CPU
		{FC9C4B6B-C183-48D8-BF21-149CBE874013}.Release|Any CPU.ActiveCfg = Release|Any CPU
		{FC9C4B6B-C183-48D8-BF21-149CBE874013}.Release|Any CPU.Build.0 = Release|Any CPU
		{6F530397-2988-4435-A61B-967BE19AFD1C}.Debug|Any CPU.ActiveCfg = Debug|Any CPU
		{6F530397-2988-4435-A61B-967BE19AFD1C}.Debug|Any CPU.Build.0 = Debug|Any CPU
		{6F530397-2988-4435-A61B-967BE19AFD1C}.Release|Any CPU.ActiveCfg = Release|Any CPU
		{6F530397-2988-4435-A61B-967BE19AFD1C}.Release|Any CPU.Build.0 = Release|Any CPU
	EndGlobalSection
	GlobalSection(SolutionProperties) = preSolution
		HideSolutionNode = FALSE
	EndGlobalSection
	GlobalSection(ExtensibilityGlobals) = postSolution
		SolutionGuid = {49B70617-A81F-459A-8EDA-52ABF95D02D0}
	EndGlobalSection
EndGlobal
